<Solution>
  <Folder Name="/src/">
    <Project Path="src/SlopClean.App/SlopClean.App.csproj" />
    <Project Path="src/SlopClean.Core/SlopClean.Core.csproj" />
    <Project Path="src/SlopClean.Elevated/SlopClean.Elevated.csproj" />
    <Project Path="src/SlopClean.Modules/SlopClean.Modules.csproj" />
    <Project Path="src/SlopClean.Modules.TempCleaner/SlopClean.Modules.TempCleaner.csproj" />
    <Project Path="src/SlopClean.Modules.RecycleBin/SlopClean.Modules.RecycleBin.csproj" />
    <Project Path="src/SlopClean.Modules.BrowserCleaner/SlopClean.Modules.BrowserCleaner.csproj" />
    <Project Path="src/SlopClean.Modules.StartupManager/SlopClean.Modules.StartupManager.csproj" />
    <Project Path="src/SlopClean.Modules.DiskAnalyzer/SlopClean.Modules.DiskAnalyzer.csproj" />
    <Project Path="src/SlopClean.Modules.UninstallCleanup/SlopClean.Modules.UninstallCleanup.csproj" />
    <Project Path="src/SlopClean.Modules.ServiceAdvisor/SlopClean.Modules.ServiceAdvisor.csproj" />
    <Project Path="src/SlopClean.Modules.CoreIsolationDrivers/SlopClean.Modules.CoreIsolationDrivers.csproj" />
    <Project Path="src/SlopClean.Platform.Windows/SlopClean.Platform.Windows.csproj" />
  </Folder>
  <Folder Name="/tests/">
    <Project Path="tests/SlopClean.Core.Tests/SlopClean.Core.Tests.csproj" />
    <Project Path="tests/SlopClean.Modules.TestSupport/SlopClean.Modules.TestSupport.csproj" />
    <Project Path="tests/SlopClean.Modules.Tests/SlopClean.Modules.Tests.csproj" />
    <Project Path="tests/SlopClean.Modules.TempCleaner.Tests/SlopClean.Modules.TempCleaner.Tests.csproj" />
    <Project Path="tests/SlopClean.Modules.RecycleBin.Tests/SlopClean.Modules.RecycleBin.Tests.csproj" />
    <Project Path="tests/SlopClean.Modules.BrowserCleaner.Tests/SlopClean.Modules.BrowserCleaner.Tests.csproj" />
    <Project Path="tests/SlopClean.Modules.StartupManager.Tests/SlopClean.Modules.StartupManager.Tests.csproj" />
    <Project Path="tests/SlopClean.Modules.DiskAnalyzer.Tests/SlopClean.Modules.DiskAnalyzer.Tests.csproj" />
    <Project Path="tests/SlopClean.Modules.UninstallCleanup.Tests/SlopClean.Modules.UninstallCleanup.Tests.csproj" />
    <Project Path="tests/SlopClean.Modules.ServiceAdvisor.Tests/SlopClean.Modules.ServiceAdvisor.Tests.csproj" />
    <Project Path="tests/SlopClean.Modules.CoreIsolationDrivers.Tests/SlopClean.Modules.CoreIsolationDrivers.Tests.csproj" />
    <Project Path="tests/SlopClean.Platform.Windows.Tests/SlopClean.Platform.Windows.Tests.csproj" />
  </Folder>
</Solution>
